
Microsoft Visual Studio Solution File, Format Version 12.00
# Visual Studio Version 16
VisualStudioVersion = 16.0.30523.141
MinimumVisualStudioVersion = 10.0.40219.1
Project("{FAE04EC0-301F-11D3-BF4B-00C04F79EFBC}") = "Zhaoxi.CourseManagement", "Zhaoxi.CourseManagement\Zhaoxi.CourseManagement.csproj", "{0B3161BD-C39C-4EA7-BADB-B9BFD7C07BF5}"
EndProject
Project("{FAE04EC0-301F-11D3-BF4B-00C04F79EFBC}") = "Zhaoxi.Controls", "Zhaoxi.Controls\Zhaoxi.Controls.csproj", "{A9634ADF-62E4-4129-9BD9-087C8C765DB5}"
EndProject
Global
	GlobalSection(SolutionConfigurationPlatforms) = preSolution
		Debug|Any CPU = Debug|Any CPU
		Release|Any CPU = Release|Any CPU
	EndGlobalSection
	GlobalSection(ProjectConfigurationPlatforms) = postSolution
		{0B3161BD-C39C-4EA7-BADB-B9BFD7C07BF5}.Debug|Any CPU.ActiveCfg = Debug|Any CPU
		{0B3161BD-C39C-4EA7-BADB-B9BFD7C07BF5}.Debug|Any CPU.Build.0 = Debug|Any CPU
		{0B3161BD-C39C-4EA7-BADB-B9BFD7C07BF5}.Release|Any CPU.ActiveCfg = Release|Any CPU
		{0B3161BD-C39C-4EA7-BADB-B9BFD7C07BF5}.Release|Any CPU.Build.0 = Release|Any CPU
		{A9634ADF-62E4-4129-9BD9-087C8C765DB5}.Debug|Any CPU.ActiveCfg = Debug|Any CPU
		{A9634ADF-62E4-4129-9BD9-087C8C765DB5}.Debug|Any CPU.Build.0 = Debug|Any CPU
		{A9634ADF-62E4-4129-9BD9-087C8C765DB5}.Release|Any CPU.ActiveCfg = Release|Any CPU
		{A9634ADF-62E4-4129-9BD9-087C8C765DB5}.Release|Any CPU.Build.0 = Release|Any CPU
	EndGlobalSection
	GlobalSection(SolutionProperties) = preSolution
		HideSolutionNode = FALSE
	EndGlobalSection
	GlobalSection(ExtensibilityGlobals) = postSolution
		SolutionGuid = {8D21997D-BE4F-48CB-A2CA-2645066B9158}
	EndGlobalSection
EndGlobal
